// !$*UTF8*$!
{
	archiveVersion = 1;
	classes = {
	};
	objectVersion = 46;
	objects = {

/* Begin PBXBuildFile section */
		3B066F0A19F4CBDB00BE62DF /* LogoutViewController.swift in Sources */ = {isa = PBXBuildFile; fileRef = 3B066F0919F4CBDB00BE62DF /* LogoutViewController.swift */; };
		3B338FE619F332B200FB7B8D /* CreateAccountRootViewController.swift in Sources */ = {isa = PBXBuildFile; fileRef = 3B338FE519F332B200FB7B8D /* CreateAccountRootViewController.swift */; };
		3B338FE819F332F800FB7B8D /* SignInRootViewController.swift in Sources */ = {isa = PBXBuildFile; fileRef = 3B338FE719F332F800FB7B8D /* SignInRootViewController.swift */; };
		3B338FEC19F494D600FB7B8D /* TermsViewController.swift in Sources */ = {isa = PBXBuildFile; fileRef = 3B338FEB19F494D600FB7B8D /* TermsViewController.swift */; };
		3B338FF619F4A16400FB7B8D /* PasswordHelpViewController.swift in Sources */ = {isa = PBXBuildFile; fileRef = 3B338FF519F4A16400FB7B8D /* PasswordHelpViewController.swift */; };
		3B338FF819F4A93200FB7B8D /* FirstLoginViewController.swift in Sources */ = {isa = PBXBuildFile; fileRef = 3B338FF719F4A93200FB7B8D /* FirstLoginViewController.swift */; };
		3B338FFA19F4A94B00FB7B8D /* SecondLoginViewController.swift in Sources */ = {isa = PBXBuildFile; fileRef = 3B338FF919F4A94B00FB7B8D /* SecondLoginViewController.swift */; };
		3B52E36619EF6BE800EC6D3C /* AppDelegate.swift in Sources */ = {isa = PBXBuildFile; fileRef = 3B52E36519EF6BE800EC6D3C /* AppDelegate.swift */; };
		3B52E36819EF6BE800EC6D3C /* ViewController.swift in Sources */ = {isa = PBXBuildFile; fileRef = 3B52E36719EF6BE800EC6D3C /* ViewController.swift */; };
		3B52E36B19EF6BE800EC6D3C /* Main.storyboard in Resources */ = {isa = PBXBuildFile; fileRef = 3B52E36919EF6BE800EC6D3C /* Main.storyboard */; };
		3B52E36D19EF6BE800EC6D3C /* Images.xcassets in Resources */ = {isa = PBXBuildFile; fileRef = 3B52E36C19EF6BE800EC6D3C /* Images.xcassets */; };
		3B52E37019EF6BE800EC6D3C /* LaunchScreen.xib in Resources */ = {isa = PBXBuildFile; fileRef = 3B52E36E19EF6BE800EC6D3C /* LaunchScreen.xib */; };
		3B52E37C19EF6BE900EC6D3C /* Wk1_DropboxTests.swift in Sources */ = {isa = PBXBuildFile; fileRef = 3B52E37B19EF6BE900EC6D3C /* Wk1_DropboxTests.swift */; };
		3B69F23319F4AF00007B68B0 /* NewAccountViewController.swift in Sources */ = {isa = PBXBuildFile; fileRef = 3B69F23219F4AF00007B68B0 /* NewAccountViewController.swift */; };
		3B69F23519F4B67D007B68B0 /* PhotosTabViewController.swift in Sources */ = {isa = PBXBuildFile; fileRef = 3B69F23419F4B67D007B68B0 /* PhotosTabViewController.swift */; };
		3B69F23719F4B914007B68B0 /* SettingsViewController.swift in Sources */ = {isa = PBXBuildFile; fileRef = 3B69F23619F4B914007B68B0 /* SettingsViewController.swift */; };
		3B95120219F6017F000583CB /* LikedImageViewController.swift in Sources */ = {isa = PBXBuildFile; fileRef = 3B95120119F6017F000583CB /* LikedImageViewController.swift */; };
		3BAF055A19F565E0003BE212 /* FirstWelcomeViewController.swift in Sources */ = {isa = PBXBuildFile; fileRef = 3BAF055919F565E0003BE212 /* FirstWelcomeViewController.swift */; };
		3BAF055C19F565EF003BE212 /* SecondWelcomeViewController.swift in Sources */ = {isa = PBXBuildFile; fileRef = 3BAF055B19F565EF003BE212 /* SecondWelcomeViewController.swift */; };
/* End PBXBuildFile section */

/* Begin PBXContainerItemProxy section */
		3B52E37619EF6BE900EC6D3C /* PBXContainerItemProxy */ = {
			isa = PBXContainerItemProxy;
			containerPortal = 3B52E35819EF6BE800EC6D3C /* Project object */;
			proxyType = 1;
			remoteGlobalIDString = 3B52E35F19EF6BE800EC6D3C;
			remoteInfo = Wk1_Dropbox;
		};
/* End PBXContainerItemProxy section */

/* Begin PBXFileReference section */
		3B066F0919F4CBDB00BE62DF /* LogoutViewController.swift */ = {isa = PBXFileReference; fileEncoding = 4; lastKnownFileType = sourcecode.swift; path = LogoutViewController.swift; sourceTree = "<group>"; };
		3B338FE519F332B200FB7B8D /* CreateAccountRootViewController.swift */ = {isa = PBXFileReference; fileEncoding = 4; lastKnownFileType = sourcecode.swift; path = CreateAccountRootViewController.swift; sourceTree = "<group>"; };
		3B338FE719F332F800FB7B8D /* SignInRootViewController.swift */ = {isa = PBXFileReference; fileEncoding = 4; lastKnownFileType = sourcecode.swift; path = SignInRootViewController.swift; sourceTree = "<group>"; };
		3B338FEB19F494D600FB7B8D /* TermsViewController.swift */ = {isa = PBXFileReference; fileEncoding = 4; lastKnownFileType = sourcecode.swift; path = TermsViewController.swift; sourceTree = "<group>"; };
		3B338FF519F4A16400FB7B8D /* PasswordHelpViewController.swift */ = {isa = PBXFileReference; fileEncoding = 4; lastKnownFileType = sourcecode.swift; path = PasswordHelpViewController.swift; sourceTree = "<group>"; };
		3B338FF719F4A93200FB7B8D /* FirstLoginViewController.swift */ = {isa = PBXFileReference; fileEncoding = 4; lastKnownFileType = sourcecode.swift; path = FirstLoginViewController.swift; sourceTree = "<group>"; };
		3B338FF919F4A94B00FB7B8D /* SecondLoginViewController.swift */ = {isa = PBXFileReference; fileEncoding = 4; lastKnownFileType = sourcecode.swift; path = SecondLoginViewController.swift; sourceTree = "<group>"; };
		3B52E36019EF6BE800EC6D3C /* Wk1_Dropbox.app */ = {isa = PBXFileReference; explicitFileType = wrapper.application; includeInIndex = 0; path = Wk1_Dropbox.app; sourceTree = BUILT_PRODUCTS_DIR; };
		3B52E36419EF6BE800EC6D3C /* Info.plist */ = {isa = PBXFileReference; lastKnownFileType = text.plist.xml; path = Info.plist; sourceTree = "<group>"; };
		3B52E36519EF6BE800EC6D3C /* AppDelegate.swift */ = {isa = PBXFileReference; lastKnownFileType = sourcecode.swift; path = AppDelegate.swift; sourceTree = "<group>"; };
		3B52E36719EF6BE800EC6D3C /* ViewController.swift */ = {isa = PBXFileReference; lastKnownFileType = sourcecode.swift; path = ViewController.swift; sourceTree = "<group>"; };
		3B52E36A19EF6BE800EC6D3C /* Base */ = {isa = PBXFileReference; lastKnownFileType = file.storyboard; name = Base; path = Base.lproj/Main.storyboard; sourceTree = "<group>"; };
		3B52E36C19EF6BE800EC6D3C /* Images.xcassets */ = {isa = PBXFileReference; lastKnownFileType = folder.assetcatalog; path = Images.xcassets; sourceTree = "<group>"; };
		3B52E36F19EF6BE800EC6D3C /* Base */ = {isa = PBXFileReference; lastKnownFileType = file.xib; name = Base; path = Base.lproj/LaunchScreen.xib; sourceTree = "<group>"; };
		3B52E37519EF6BE900EC6D3C /* Wk1_DropboxTests.xctest */ = {isa = PBXFileReference; explicitFileType = wrapper.cfbundle; includeInIndex = 0; path = Wk1_DropboxTests.xctest; sourceTree = BUILT_PRODUCTS_DIR; };
		3B52E37A19EF6BE900EC6D3C /* Info.plist */ = {isa = PBXFileReference; lastKnownFileType = text.plist.xml; path = Info.plist; sourceTree = "<group>"; };
		3B52E37B19EF6BE900EC6D3C /* Wk1_DropboxTests.swift */ = {isa = PBXFileReference; lastKnownFileType = sourcecode.swift; path = Wk1_DropboxTests.swift; sourceTree = "<group>"; };
		3B69F23219F4AF00007B68B0 /* NewAccountViewController.swift */ = {isa = PBXFileReference; fileEncoding = 4; lastKnownFileType = sourcecode.swift; path = NewAccountViewController.swift; sourceTree = "<group>"; };
		3B69F23419F4B67D007B68B0 /* PhotosTabViewController.swift */ = {isa = PBXFileReference; fileEncoding = 4; lastKnownFileType = sourcecode.swift; path = PhotosTabViewController.swift; sourceTree = "<group>"; };
		3B69F23619F4B914007B68B0 /* SettingsViewController.swift */ = {isa = PBXFileReference; fileEncoding = 4; lastKnownFileType = sourcecode.swift; path = SettingsViewController.swift; sourceTree = "<group>"; };
		3B95120119F6017F000583CB /* LikedImageViewController.swift */ = {isa = PBXFileReference; fileEncoding = 4; lastKnownFileType = sourcecode.swift; path = LikedImageViewController.swift; sourceTree = "<group>"; };
		3BAF055919F565E0003BE212 /* FirstWelcomeViewController.swift */ = {isa = PBXFileReference; fileEncoding = 4; lastKnownFileType = sourcecode.swift; path = FirstWelcomeViewController.swift; sourceTree = "<group>"; };
		3BAF055B19F565EF003BE212 /* SecondWelcomeViewController.swift */ = {isa = PBXFileReference; fileEncoding = 4; lastKnownFileType = sourcecode.swift; path = SecondWelcomeViewController.swift; sourceTree = "<group>"; };
/* End PBXFileReference section */

/* Begin PBXFrameworksBuildPhase section */
		3B52E35D19EF6BE800EC6D3C /* Frameworks */ = {
			isa = PBXFrameworksBuildPhase;
			buildActionMask = 2147483647;
			files = (
			);
			runOnlyForDeploymentPostprocessing = 0;
		};
		3B52E37219EF6BE900EC6D3C /* Frameworks */ = {
			isa = PBXFrameworksBuildPhase;
			buildActionMask = 2147483647;
			files = (
			);
			runOnlyForDeploymentPostprocessing = 0;
		};
/* End PBXFrameworksBuildPhase section */

/* Begin PBXGroup section */
		3B52E35719EF6BE800EC6D3C = {
			isa = PBXGroup;
			children = (
				3B52E36219EF6BE800EC6D3C /* Wk1_Dropbox */,
				3B52E37819EF6BE900EC6D3C /* Wk1_DropboxTests */,
				3B52E36119EF6BE800EC6D3C /* Products */,
			);
			sourceTree = "<group>";
		};
		3B52E36119EF6BE800EC6D3C /* Products */ = {
			isa = PBXGroup;
			children = (
				3B52E36019EF6BE800EC6D3C /* Wk1_Dropbox.app */,
				3B52E37519EF6BE900EC6D3C /* Wk1_DropboxTests.xctest */,
			);
			name = Products;
			sourceTree = "<group>";
		};
		3B52E36219EF6BE800EC6D3C /* Wk1_Dropbox */ = {
			isa = PBXGroup;
			children = (
				3B338FF719F4A93200FB7B8D /* FirstLoginViewController.swift */,
				3B338FF919F4A94B00FB7B8D /* SecondLoginViewController.swift */,
				3B52E36519EF6BE800EC6D3C /* AppDelegate.swift */,
				3B52E36719EF6BE800EC6D3C /* ViewController.swift */,
				3B52E36919EF6BE800EC6D3C /* Main.storyboard */,
				3B95120119F6017F000583CB /* LikedImageViewController.swift */,
				3BAF055B19F565EF003BE212 /* SecondWelcomeViewController.swift */,
				3BAF055919F565E0003BE212 /* FirstWelcomeViewController.swift */,
				3B066F0919F4CBDB00BE62DF /* LogoutViewController.swift */,
				3B69F23619F4B914007B68B0 /* SettingsViewController.swift */,
				3B69F23419F4B67D007B68B0 /* PhotosTabViewController.swift */,
				3B69F23219F4AF00007B68B0 /* NewAccountViewController.swift */,
				3B338FF519F4A16400FB7B8D /* PasswordHelpViewController.swift */,
				3B338FEB19F494D600FB7B8D /* TermsViewController.swift */,
				3B338FE519F332B200FB7B8D /* CreateAccountRootViewController.swift */,
				3B338FE719F332F800FB7B8D /* SignInRootViewController.swift */,
				3B52E36C19EF6BE800EC6D3C /* Images.xcassets */,
				3B52E36E19EF6BE800EC6D3C /* LaunchScreen.xib */,
				3B52E36319EF6BE800EC6D3C /* Supporting Files */,
			);
			path = Wk1_Dropbox;
			sourceTree = "<group>";
		};
		3B52E36319EF6BE800EC6D3C /* Supporting Files */ = {
			isa = PBXGroup;
			children = (
				3B52E36419EF6BE800EC6D3C /* Info.plist */,
			);
			name = "Supporting Files";
			sourceTree = "<group>";
		};
		3B52E37819EF6BE900EC6D3C /* Wk1_DropboxTests */ = {
			isa = PBXGroup;
			children = (
				3B52E37B19EF6BE900EC6D3C /* Wk1_DropboxTests.swift */,
				3B52E37919EF6BE900EC6D3C /* Supporting Files */,
			);
			path = Wk1_DropboxTests;
			sourceTree = "<group>";
		};
		3B52E37919EF6BE900EC6D3C /* Supporting Files */ = {
			isa = PBXGroup;
			children = (
				3B52E37A19EF6BE900EC6D3C /* Info.plist */,
			);
			name = "Supporting Files";
			sourceTree = "<group>";
		};
/* End PBXGroup section */

/* Begin PBXNativeTarget section */
		3B52E35F19EF6BE800EC6D3C /* Wk1_Dropbox */ = {
			isa = PBXNativeTarget;
			buildConfigurationList = 3B52E37F19EF6BE900EC6D3C /* Build configuration list for PBXNativeTarget "Wk1_Dropbox" */;
			buildPhases = (
				3B52E35C19EF6BE800EC6D3C /* Sources */,
				3B52E35D19EF6BE800EC6D3C /* Frameworks */,
				3B52E35E19EF6BE800EC6D3C /* Resources */,
			);
			buildRules = (
			);
			dependencies = (
			);
			name = Wk1_Dropbox;
			productName = Wk1_Dropbox;
			productReference = 3B52E36019EF6BE800EC6D3C /* Wk1_Dropbox.app */;
			productType = "com.apple.product-type.application";
		};
		3B52E37419EF6BE900EC6D3C /* Wk1_DropboxTests */ = {
			isa = PBXNativeTarget;
			buildConfigurationList = 3B52E38219EF6BE900EC6D3C /* Build configuration list for PBXNativeTarget "Wk1_DropboxTests" */;
			buildPhases = (
				3B52E37119EF6BE900EC6D3C /* Sources */,
				3B52E37219EF6BE900EC6D3C /* Frameworks */,
				3B52E37319EF6BE900EC6D3C /* Resources */,
			);
			buildRules = (
			);
			dependencies = (
				3B52E37719EF6BE900EC6D3C /* PBXTargetDependency */,
			);
			name = Wk1_DropboxTests;
			productName = Wk1_DropboxTests;
			productReference = 3B52E37519EF6BE900EC6D3C /* Wk1_DropboxTests.xctest */;
			productType = "com.apple.product-type.bundle.unit-test";
		};
/* End PBXNativeTarget section */

/* Begin PBXProject section */
		3B52E35819EF6BE800EC6D3C /* Project object */ = {
			isa = PBXProject;
			attributes = {
				LastUpgradeCheck = 0610;
				ORGANIZATIONNAME = "Jaime Rovira";
				TargetAttributes = {
					3B52E35F19EF6BE800EC6D3C = {
						CreatedOnToolsVersion = 6.1;
					};
					3B52E37419EF6BE900EC6D3C = {
						CreatedOnToolsVersion = 6.1;
						TestTargetID = 3B52E35F19EF6BE800EC6D3C;
					};
				};
			};
			buildConfigurationList = 3B52E35B19EF6BE800EC6D3C /* Build configuration list for PBXProject "Wk1_Dropbox" */;
			compatibilityVersion = "Xcode 3.2";
			developmentRegion = English;
			hasScannedForEncodings = 0;
			knownRegions = (
				en,
				Base,
			);
			mainGroup = 3B52E35719EF6BE800EC6D3C;
			productRefGroup = 3B52E36119EF6BE800EC6D3C /* Products */;
			projectDirPath = "";
			projectRoot = "";
			targets = (
				3B52E35F19EF6BE800EC6D3C /* Wk1_Dropbox */,
				3B52E37419EF6BE900EC6D3C /* Wk1_DropboxTests */,
			);
		};
/* End PBXProject section */

/* Begin PBXResourcesBuildPhase section */
		3B52E35E19EF6BE800EC6D3C /* Resources */ = {
			isa = PBXResourcesBuildPhase;
			buildActionMask = 2147483647;
			files = (
				3B52E36B19EF6BE800EC6D3C /* Main.storyboard in Resources */,
				3B52E37019EF6BE800EC6D3C /* LaunchScreen.xib in Resources */,
				3B52E36D19EF6BE800EC6D3C /* Images.xcassets in Resources */,
			);
			runOnlyForDeploymentPostprocessing = 0;
		};
		3B52E37319EF6BE900EC6D3C /* Resources */ = {
			isa = PBXResourcesBuildPhase;
			buildActionMask = 2147483647;
			files = (
			);
			runOnlyForDeploymentPostprocessing = 0;
		};
/* End PBXResourcesBuildPhase section */

/* Begin PBXSourcesBuildPhase section */
		3B52E35C19EF6BE800EC6D3C /* Sources */ = {
			isa = PBXSourcesBuildPhase;
			buildActionMask = 2147483647;
			files = (
				3B338FE819F332F800FB7B8D /* SignInRootViewController.swift in Sources */,
				3B69F23519F4B67D007B68B0 /* PhotosTabViewController.swift in Sources */,
				3B69F23719F4B914007B68B0 /* SettingsViewController.swift in Sources */,
				3B338FE619F332B200FB7B8D /* CreateAccountRootViewController.swift in Sources */,
				3B52E36819EF6BE800EC6D3C /* ViewController.swift in Sources */,
				3B338FFA19F4A94B00FB7B8D /* SecondLoginViewController.swift in Sources */,
				3B95120219F6017F000583CB /* LikedImageViewController.swift in Sources */,
				3B338FF619F4A16400FB7B8D /* PasswordHelpViewController.swift in Sources */,
				3BAF055C19F565EF003BE212 /* SecondWelcomeViewController.swift in Sources */,
				3BAF055A19F565E0003BE212 /* FirstWelcomeViewController.swift in Sources */,
				3B69F23319F4AF00007B68B0 /* NewAccountViewController.swift in Sources */,
				3B338FEC19F494D600FB7B8D /* TermsViewController.swift in Sources */,
				3B52E36619EF6BE800EC6D3C /* AppDelegate.swift in Sources */,
				3B066F0A19F4CBDB00BE62DF /* LogoutViewController.swift in Sources */,
				3B338FF819F4A93200FB7B8D /* FirstLoginViewController.swift in Sources */,
			);
			runOnlyForDeploymentPostprocessing = 0;
		};
		3B52E37119EF6BE900EC6D3C /* Sources */ = {
			isa = PBXSourcesBuildPhase;
			buildActionMask = 2147483647;
			files = (
				3B52E37C19EF6BE900EC6D3C /* Wk1_DropboxTests.swift in Sources */,
			);
			runOnlyForDeploymentPostprocessing = 0;
		};
/* End PBXSourcesBuildPhase section */

/* Begin PBXTargetDependency section */
		3B52E37719EF6BE900EC6D3C /* PBXTargetDependency */ = {
			isa = PBXTargetDependency;
			target = 3B52E35F19EF6BE800EC6D3C /* Wk1_Dropbox */;
			targetProxy = 3B52E37619EF6BE900EC6D3C /* PBXContainerItemProxy */;
		};
/* End PBXTargetDependency section */

/* Begin PBXVariantGroup section */
		3B52E36919EF6BE800EC6D3C /* Main.storyboard */ = {
			isa = PBXVariantGroup;
			children = (
				3B52E36A19EF6BE800EC6D3C /* Base */,
			);
			name = Main.storyboard;
			sourceTree = "<group>";
		};
		3B52E36E19EF6BE800EC6D3C /* LaunchScreen.xib */ = {
			isa = PBXVariantGroup;
			children = (
				3B52E36F19EF6BE800EC6D3C /* Base */,
			);
			name = LaunchScreen.xib;
			sourceTree = "<group>";
		};
/* End PBXVariantGroup section */

/* Begin XCBuildConfiguration section */
		3B52E37D19EF6BE900EC6D3C /* Debug */ = {
			isa = XCBuildConfiguration;
			buildSettings = {
				ALWAYS_SEARCH_USER_PATHS = NO;
				CLANG_CXX_LANGUAGE_STANDARD = "gnu++0x";
				CLANG_CXX_LIBRARY = "libc++";
				CLANG_ENABLE_MODULES = YES;
				CLANG_ENABLE_OBJC_ARC = YES;
				CLANG_WARN_BOOL_CONVERSION = YES;
				CLANG_WARN_CONSTANT_CONVERSION = YES;
				CLANG_WARN_DIRECT_OBJC_ISA_USAGE = YES_ERROR;
				CLANG_WARN_EMPTY_BODY = YES;
				CLANG_WARN_ENUM_CONVERSION = YES;
				CLANG_WARN_INT_CONVERSION = YES;
				CLANG_WARN_OBJC_ROOT_CLASS = YES_ERROR;
				CLANG_WARN_UNREACHABLE_CODE = YES;
				CLANG_WARN__DUPLICATE_METHOD_MATCH = YES;
				"CODE_SIGN_IDENTITY[sdk=iphoneos*]" = "iPhone Developer";
				COPY_PHASE_STRIP = NO;
				ENABLE_STRICT_OBJC_MSGSEND = YES;
				GCC_C_LANGUAGE_STANDARD = gnu99;
				GCC_DYNAMIC_NO_PIC = NO;
				GCC_OPTIMIZATION_LEVEL = 0;
				GCC_PREPROCESSOR_DEFINITIONS = (
					"DEBUG=1",
					"$(inherited)",
				);
				GCC_SYMBOLS_PRIVATE_EXTERN = NO;
				GCC_WARN_64_TO_32_BIT_CONVERSION = YES;
				GCC_WARN_ABOUT_RETURN_TYPE = YES_ERROR;
				GCC_WARN_UNDECLARED_SELECTOR = YES;
				GCC_WARN_UNINITIALIZED_AUTOS = YES_AGGRESSIVE;
				GCC_WARN_UNUSED_FUNCTION = YES;
				GCC_WARN_UNUSED_VARIABLE = YES;
				IPHONEOS_DEPLOYMENT_TARGET = 8.1;
				MTL_ENABLE_DEBUG_INFO = YES;
				ONLY_ACTIVE_ARCH = YES;
				SDKROOT = iphoneos;
				SWIFT_OPTIMIZATION_LEVEL = "-Onone";
			};
			name = Debug;
		};
		3B52E37E19EF6BE900EC6D3C /* Release */ = {
			isa = XCBuildConfiguration;
			buildSettings = {
				ALWAYS_SEARCH_USER_PATHS = NO;
				CLANG_CXX_LANGUAGE_STANDARD = "gnu++0x";
				CLANG_CXX_LIBRARY = "libc++";
				CLANG_ENABLE_MODULES = YES;
				CLANG_ENABLE_OBJC_ARC = YES;
				CLANG_WARN_BOOL_CONVERSION = YES;
				CLANG_WARN_CONSTANT_CONVERSION = YES;
				CLANG_WARN_DIRECT_OBJC_ISA_USAGE = YES_ERROR;
				CLANG_WARN_EMPTY_BODY = YES;
				CLANG_WARN_ENUM_CONVERSION = YES;
				CLANG_WARN_INT_CONVERSION = YES;
				CLANG_WARN_OBJC_ROOT_CLASS = YES_ERROR;
				CLANG_WARN_UNREACHABLE_CODE = YES;
				CLANG_WARN__DUPLICATE_METHOD_MATCH = YES;
				"CODE_SIGN_IDENTITY[sdk=iphoneos*]" = "iPhone Developer";
				COPY_PHASE_STRIP = YES;
				ENABLE_NS_ASSERTIONS = NO;
				ENABLE_STRICT_OBJC_MSGSEND = YES;
				GCC_C_LANGUAGE_STANDARD = gnu99;
				GCC_WARN_64_TO_32_BIT_CONVERSION = YES;
				GCC_WARN_ABOUT_RETURN_TYPE = YES_ERROR;
				GCC_WARN_UNDECLARED_SELECTOR = YES;
				GCC_WARN_UNINITIALIZED_AUTOS = YES_AGGRESSIVE;
				GCC_WARN_UNUSED_FUNCTION = YES;
				GCC_WARN_UNUSED_VARIABLE = YES;
				IPHONEOS_DEPLOYMENT_TARGET = 8.1;
				MTL_ENABLE_DEBUG_INFO = NO;
				SDKROOT = iphoneos;
				VALIDATE_PRODUCT = YES;
			};
			name = Release;
		};
		3B52E38019EF6BE900EC6D3C /* Debug */ = {
			isa = XCBuildConfiguration;
			buildSettings = {
				ASSETCATALOG_COMPILER_APPICON_NAME = AppIcon;
				ASSETCATALOG_COMPILER_LAUNCHIMAGE_NAME = LaunchImage;
				INFOPLIST_FILE = Wk1_Dropbox/Info.plist;
				LD_RUNPATH_SEARCH_PATHS = "$(inherited) @executable_path/Frameworks";
				PRODUCT_NAME = "$(TARGET_NAME)";
			};
			name = Debug;
		};
		3B52E38119EF6BE900EC6D3C /* Release */ = {
			isa = XCBuildConfiguration;
			buildSettings = {
				ASSETCATALOG_COMPILER_APPICON_NAME = AppIcon;
				ASSETCATALOG_COMPILER_LAUNCHIMAGE_NAME = LaunchImage;
				INFOPLIST_FILE = Wk1_Dropbox/Info.plist;
				LD_RUNPATH_SEARCH_PATHS = "$(inherited) @executable_path/Frameworks";
				PRODUCT_NAME = "$(TARGET_NAME)";
			};
			name = Release;
		};
		3B52E38319EF6BE900EC6D3C /* Debug */ = {
			isa = XCBuildConfiguration;
			buildSettings = {
				BUNDLE_LOADER = "$(TEST_HOST)";
				FRAMEWORK_SEARCH_PATHS = (
					"$(SDKROOT)/Developer/Library/Frameworks",
					"$(inherited)",
				);
				GCC_PREPROCESSOR_DEFINITIONS = (
					"DEBUG=1",
					"$(inherited)",
				);
				INFOPLIST_FILE = Wk1_DropboxTests/Info.plist;
				LD_RUNPATH_SEARCH_PATHS = "$(inherited) @executable_path/Frameworks @loader_path/Frameworks";
				PRODUCT_NAME = "$(TARGET_NAME)";
				TEST_HOST = "$(BUILT_PRODUCTS_DIR)/Wk1_Dropbox.app/Wk1_Dropbox";
			};
			name = Debug;
		};
		3B52E38419EF6BE900EC6D3C /* Release */ = {
			isa = XCBuildConfiguration;
			buildSettings = {
				BUNDLE_LOADER = "$(TEST_HOST)";
				FRAMEWORK_SEARCH_PATHS = (
					"$(SDKROOT)/Developer/Library/Frameworks",
					"$(inherited)",
				);
				INFOPLIST_FILE = Wk1_DropboxTests/Info.plist;
				LD_RUNPATH_SEARCH_PATHS = "$(inherited) @executable_path/Frameworks @loader_path/Frameworks";
				PRODUCT_NAME = "$(TARGET_NAME)";
				TEST_HOST = "$(BUILT_PRODUCTS_DIR)/Wk1_Dropbox.app/Wk1_Dropbox";
			};
			name = Release;
		};
/* End XCBuildConfiguration section */

/* Begin XCConfigurationList section */
		3B52E35B19EF6BE800EC6D3C /* Build configuration list for PBXProject "Wk1_Dropbox" */ = {
			isa = XCConfigurationList;
			buildConfigurations = (
				3B52E37D19EF6BE900EC6D3C /* Debug */,
				3B52E37E19EF6BE900EC6D3C /* Release */,
			);
			defaultConfigurationIsVisible = 0;
			defaultConfigurationName = Release;
		};
		3B52E37F19EF6BE900EC6D3C /* Build configuration list for PBXNativeTarget "Wk1_Dropbox" */ = {
			isa = XCConfigurationList;
			buildConfigurations = (
				3B52E38019EF6BE900EC6D3C /* Debug */,
				3B52E38119EF6BE900EC6D3C /* Release */,
			);
			defaultConfigurationIsVisible = 0;
			defaultConfigurationName = Release;
		};
		3B52E38219EF6BE900EC6D3C /* Build configuration list for PBXNativeTarget "Wk1_DropboxTests" */ = {
			isa = XCConfigurationList;
			buildConfigurations = (
				3B52E38319EF6BE900EC6D3C /* Debug */,
				3B52E38419EF6BE900EC6D3C /* Release */,
			);
			defaultConfigurationIsVisible = 0;
			defaultConfigurationName = Release;
		};
/* End XCConfigurationList section */
	};
	rootObject = 3B52E35819EF6BE800EC6D3C /* Project object */;
}
